{
  "version": "2",
  "remote": {
    "https://deno.land/std@0.153.0/fmt/colors.ts": "ff7dc9c9f33a72bd48bc24b21bbc1b4545d8494a431f17894dbc5fe92a938fc4",
    "https://deno.land/std@0.153.0/testing/_diff.ts": "141f978a283defc367eeee3ff7b58aa8763cf7c8e0c585132eae614468e9d7b8",
    "https://deno.land/std@0.153.0/testing/_format.ts": "cd11136e1797791045e639e9f0f4640d5b4166148796cad37e6ef75f7d7f3832",
    "https://deno.land/std@0.153.0/testing/asserts.ts": "d6595cfc330b4233546a047a0d7d57940771aa9d97a172ceb91e84ae6200b3af",
    "https://esm.sh/remark-gfm@3.0.1": "8f3f976ec665b69b37d3334f42d9807b5735034275c7b71afa685c8af71d7f61",
    "https://esm.sh/remark-math@5.1.1": "0ff2f44f2c0f95e9064186468016a451ea25d5baeb4390170b3adc1eb62c1f2c",
    "https://esm.sh/remark-parse@10.0.1": "690cf985a24b152bc2433470587889b99c728354e0b062d375073342fef3b523",
    "https://esm.sh/unified@10.1.2": "081f5f5ade1b6e79382951f01b17298d83170604c8bddb4d0322f3b2c8ed1165",
    "https://esm.sh/v93/@types/mdast@3.0.10/index.d.ts": "4e8677874e6243a5a7e68b7f123621d62e0c2ba6f51ffa7f6ed82b0aeb00fe31",
    "https://esm.sh/v93/@types/node@16.11.45/buffer.d.ts": "b9de02bf758d637b20ab27aa49af28973f98b48d28f1960ef6929d3f92816755",
    "https://esm.sh/v93/@types/node@16.11.45/crypto.d.ts": "647bf64082efdf679883066bc0e17a2f87d27260166fd8af78e75dfd76a81389",
    "https://esm.sh/v93/@types/node@16.11.45/dns.d.ts": "4d8b5b5b256f0c7250d30e0f0718f8dbc3312f25beffdfa5c56435e18ced2ca1",
    "https://esm.sh/v93/@types/node@16.11.45/dns/promises.d.ts": "bbbd37cbec6fe58260f39f6a0bad498b9cbc37dbf46374d00752b0486795d6a6",
    "https://esm.sh/v93/@types/node@16.11.45/events.d.ts": "300b44ca0eb1d543fdb363870fbe5d6fead26aae3060d9276f24576ff424d5d5",
    "https://esm.sh/v93/@types/node@16.11.45/net.d.ts": "f828cb5d95259b5ed33e9b205f324a2da5d5e9e777a73eab586486751a3c2873",
    "https://esm.sh/v93/@types/node@16.11.45/stream.d.ts": "0a2bda9c8ad0ecbf0dfc7c4451819a38b3cc49c5057d57f31051aa7b6ecb11b9",
    "https://esm.sh/v93/@types/node@16.11.45/stream/consumers.d.ts": "f0ec78dc3785156520b6985a071c599cb0651fc878da8c94bfc3bd7dd056c95d",
    "https://esm.sh/v93/@types/node@16.11.45/stream/promises.d.ts": "647e394a2ddfd3018e220b2f1db3553093c512225f833618c40b50fcb3326dc5",
    "https://esm.sh/v93/@types/node@16.11.45/tls.d.ts": "1a02686c26810970c80934684acad4aa3624b06d2c32ab176dd36138c0a479d7",
    "https://esm.sh/v93/@types/unist@2.0.6/index.d.ts": "cddf5c26907c0b8378bc05543161c11637b830da9fadf59e02a11e675d11e180",
    "https://esm.sh/v93/bail@2.0.2/deno/bail.js": "b3ca9b5bd06df9985e9df2ab56d0afe3364cee30f37cdaecb405c10de2337f5e",
    "https://esm.sh/v93/character-entities@2.0.2/deno/character-entities.js": "8232bf4b6fa89842eeb1293a35c247a3579d199b972fc337b39d90905605eed9",
    "https://esm.sh/v93/decode-named-character-reference@1.0.2/deno/decode-named-character-reference.js": "46dbb0fc42a4737e31c54aecbf18003fd8666cbc943f2b6c5ce813f37ec321f3",
    "https://esm.sh/v93/extend@3.0.2/deno/extend.js": "a316a24756d804431fc0c01d03f31d5658e477559a809a011e8aac525d8ed16d",
    "https://esm.sh/v93/is-buffer@2.0.5/deno/is-buffer.js": "2c888ce1735c6fe8306052d99fc1b4f7f53cd58de3ce7f8bb4861ffe6964bf6c",
    "https://esm.sh/v93/is-plain-obj@4.1.0/deno/is-plain-obj.js": "58064b5b3fefbfc9d28000056b88e2d57d45c3b4d7bd574b74144db35603d8b7",
    "https://esm.sh/v93/mdast-util-from-markdown@1.2.0/deno/mdast-util-from-markdown.js": "7f474cae421058737d824666a3a129a2ce6d0926ae10e64ef8e12c60b6f11977",
    "https://esm.sh/v93/mdast-util-from-markdown@1.2.0/index.d.ts": "c7c292d30a2416d10fccbdaccac505908cc63c149766acd5ed191fc5e40ac2f0",
    "https://esm.sh/v93/mdast-util-from-markdown@1.2.0/lib/index.d.ts": "c1246fc286c89f460dc2d6dbb4587ae7160ab3c7931f704c4873af33056e3c28",
    "https://esm.sh/v93/mdast-util-to-string@3.1.0/deno/mdast-util-to-string.js": "def8ac83e95d65c20472dcbd9ae84907fafc2bda764657a187129da546ea290c",
    "https://esm.sh/v93/micromark-core-commonmark@1.0.6/deno/micromark-core-commonmark.js": "cf3f9f92de6fb6ac6b1e4695cc5c078eccb3d5c854d0be071a42e306a55b98b6",
    "https://esm.sh/v93/micromark-factory-destination@1.0.0/deno/micromark-factory-destination.js": "66084d84894bafd6839fcc15ab9d7d0d4227f5e0a04e369d693a08113567ffcf",
    "https://esm.sh/v93/micromark-factory-label@1.0.2/deno/micromark-factory-label.js": "ad846cfaad2147d673917a87402b021695abf9de81ac9f29d56650522a3a62de",
    "https://esm.sh/v93/micromark-factory-space@1.0.0/deno/micromark-factory-space.js": "adbe82953d29f5397c7c1a956eceb42f90acfd77dcb36a3729950146e7f24c3f",
    "https://esm.sh/v93/micromark-factory-title@1.0.2/deno/micromark-factory-title.js": "44011d3dcb2ea188c3df4c7283f25bfc2cce8fa714f74f98555d9da00860be53",
    "https://esm.sh/v93/micromark-factory-whitespace@1.0.0/deno/micromark-factory-whitespace.js": "080c4472cb8d73459fea0aaf90114a54aaca1db28c8644669fb7c4f1ab2bc101",
    "https://esm.sh/v93/micromark-util-character@1.1.0/deno/micromark-util-character.js": "8440332592030f7a4b7e826bf91bab41a9b54ccb8f1ce6dbd23ca11d72230945",
    "https://esm.sh/v93/micromark-util-chunked@1.0.0/deno/micromark-util-chunked.js": "df0ed6b7b0559fde92c00504aff8b9a05c4f07344ba3365e1d0e35b734d64d5a",
    "https://esm.sh/v93/micromark-util-classify-character@1.0.0/deno/micromark-util-classify-character.js": "3a711c73987815ed42691e164ea2b26add4f8c3f42977ee821d6059dbad0250e",
    "https://esm.sh/v93/micromark-util-combine-extensions@1.0.0/deno/micromark-util-combine-extensions.js": "6641d9b9098914fbd10d3d88936ef6641b3d230030993d45a846e60b337af264",
    "https://esm.sh/v93/micromark-util-decode-numeric-character-reference@1.0.0/deno/micromark-util-decode-numeric-character-reference.js": "8a3b23cc0a9c33c0c63b09d07e9c7957f16663cb03f4a5fb42b61263825aafd8",
    "https://esm.sh/v93/micromark-util-decode-string@1.0.2/deno/micromark-util-decode-string.js": "00ada3589ea90aec6e3300d223e83f4e5638118a10a721046b484d0cd14a4b3a",
    "https://esm.sh/v93/micromark-util-html-tag-name@1.1.0/deno/micromark-util-html-tag-name.js": "2a34a3b2bceb845508f2d87eea03d2d31d421fb10b0a6e1bcc8aaf749857fc88",
    "https://esm.sh/v93/micromark-util-normalize-identifier@1.0.0/deno/micromark-util-normalize-identifier.js": "abf033051b12b2fe62edb61c1a1f895d79190501be20d390e0d146cbc0d6f1c7",
    "https://esm.sh/v93/micromark-util-resolve-all@1.0.0/deno/micromark-util-resolve-all.js": "57688a5cd4c92a147f4cb4f059f0536141fd770b03c675600586011d011049cb",
    "https://esm.sh/v93/micromark-util-subtokenize@1.0.2/deno/micromark-util-subtokenize.js": "54694838930d27f3539c91583c79c91ce067349fdd0291be6531b4de24406a7b",
    "https://esm.sh/v93/micromark-util-types@1.0.2/index.d.ts": "cce0134a9da5d93b08f4da07a18ca5bcb8f595216783bca8572182a928f0f03b",
    "https://esm.sh/v93/micromark@3.0.10/deno/lib/parse.js": "e73e35d7f23f45b101c6453dd221de098ba2ed8136847b386961b3b170711d82",
    "https://esm.sh/v93/micromark@3.0.10/deno/lib/postprocess.js": "7b4de2d36369c5ce181d4762a46cd4a45c41183f40e6da2d0c01fd9c0d099252",
    "https://esm.sh/v93/micromark@3.0.10/deno/lib/preprocess.js": "bc99d65825a18c406328ac83932ca6b5ba1d588cea3829c7187ea235a0fdcc2a",
    "https://esm.sh/v93/node.ns.d.ts": "0fb081f0cd2150931bd54baa04f31466abd9ca701fd9060d07931402cf8367ba",
    "https://esm.sh/v93/remark-parse@10.0.1/deno/remark-parse.js": "7dec01f1ba90c0c2d3fc9dd0b66a2e58fe515a89934cd87dbb15e2645585f084",
    "https://esm.sh/v93/remark-parse@10.0.1/index.d.ts": "49460cf4ee841c83809d84f4fe6c1faf4aa04368716a17fe9107e335c8c9383c",
    "https://esm.sh/v93/remark-parse@10.0.1/lib/index.d.ts": "061676c94df440d932f56a61f030602a7fadf0dad15babf575829dc334100e91",
    "https://esm.sh/v93/trough@2.1.0/deno/trough.js": "1c4ee11198b1f3b897ccec55456112b327bbf740bffdce6d378f808af907704c",
    "https://esm.sh/v93/unified@10.1.2/deno/unified.js": "ca38c61d5584e22af936b94c12eb43720b11cccbec22f838b256868b911a2930",
    "https://esm.sh/v93/unified@10.1.2/index.d.ts": "d421520ac9f17801cf51b3d4ca7094842034dc343418e8ed1dff3fc0dd5b569f",
    "https://esm.sh/v93/unist-util-stringify-position@3.0.2/deno/unist-util-stringify-position.js": "eb3c895febac9ad1279cdf2e3b617ddd7db488db31340e361fe787db8fff626a",
    "https://esm.sh/v93/vfile-message@3.1.2/deno/vfile-message.js": "2c0e39b6dff5e8c68d92bde8ec7ebbbdd2d0789cb5885892395f2fbd3780c368",
    "https://esm.sh/v93/vfile-message@3.1.2/index.d.ts": "cdcc6c01b995e92a10b94d0ce9e4a754116319f7a15e35a00848071877b23c31",
    "https://esm.sh/v93/vfile@5.3.4/deno/vfile.js": "d4b33e32901674ca13bc8f68aeaef71640673cc365aa7794f54bab0206d5ae64",
    "https://esm.sh/v93/vfile@5.3.4/index.d.ts": "7134200411a036af7d462b4157ebffec0ffa1575e3c9df0317d0a1e1b8f64ebd",
    "https://esm.sh/v93/vfile@5.3.4/lib/index.d.ts": "7e218918ff56bf45e4aebef22e9e4bbc6bb8b021849a63f303c466775ecf35d4",
    "https://esm.sh/v93/vfile@5.3.4/lib/minurl.shared.d.ts": "3706ce5f7daa3461e02dd6dc33083b8e22cb9691e9348b8e481a5d049e62d897",
    "https://esm.sh/v96/@types/mdast@3.0.10/index.d.ts": "22d759d1e184b6dece537d11e10e76d3781edffe787282abac6d6762cf6b0296",
    "https://esm.sh/v96/@types/unist@2.0.6/index.d.ts": "cddf5c26907c0b8378bc05543161c11637b830da9fadf59e02a11e675d11e180",
    "https://esm.sh/v96/ccount@2.0.1/deno/ccount.js": "6bf07045e8daa1b9a2bba73d70c29361aac38c0a59095b57f1f1ceed9a7981f0",
    "https://esm.sh/v96/character-entities@2.0.2/deno/character-entities.js": "8232bf4b6fa89842eeb1293a35c247a3579d199b972fc337b39d90905605eed9",
    "https://esm.sh/v96/decode-named-character-reference@1.0.2/deno/decode-named-character-reference.js": "4e365fd7368bbed9b7422b4cd465e184a40c685fd1e70df414ef1fdb76af27e2",
    "https://esm.sh/v96/escape-string-regexp@5.0.0/deno/escape-string-regexp.js": "75a81e47dd2b72b3946cb9f036e1a43d7d42cdbdfc634443ba5363035c959b9c",
    "https://esm.sh/v96/markdown-table@3.0.2/deno/markdown-table.js": "7f696ca444c5432f139fadb749ea0c1a27e228bf38c8892fb904b49afc98e801",
    "https://esm.sh/v96/markdown-table@3.0.2/index.d.ts": "1fa5495d0b616602a4da09463f31d95e7d724d5861f5a2a4d164dac14d777d42",
    "https://esm.sh/v96/mdast-util-find-and-replace@2.2.1/deno/mdast-util-find-and-replace.js": "8b9b6b9e8c5c1e9b534f83a0951b98362029f190b1012d314529d93996363c2f",
    "https://esm.sh/v96/mdast-util-from-markdown@1.2.0/index.d.ts": "c7c292d30a2416d10fccbdaccac505908cc63c149766acd5ed191fc5e40ac2f0",
    "https://esm.sh/v96/mdast-util-from-markdown@1.2.0/lib/index.d.ts": "cb99e3f7cca32944e0f3c89dd933d4dd9683f36cf60a3dc9742533c4c3e653fe",
    "https://esm.sh/v96/mdast-util-gfm-autolink-literal@1.0.2/deno/mdast-util-gfm-autolink-literal.js": "f2c273ffc0b63a1c3cba3b1d6f64b058de9973b7ca9e2f4772b2135d6d1079b2",
    "https://esm.sh/v96/mdast-util-gfm-footnote@1.0.1/deno/mdast-util-gfm-footnote.js": "7e92b6f59b341fa5c147cbc62ed5bfe97fd4f73cc50820c4cf6790a8e28e8bfd",
    "https://esm.sh/v96/mdast-util-gfm-strikethrough@1.0.1/deno/mdast-util-gfm-strikethrough.js": "9aca901969c4b1440a0f2a0d550d0dbe2cc4d75c18da9693153f227b42a11cf3",
    "https://esm.sh/v96/mdast-util-gfm-table@1.0.6/deno/mdast-util-gfm-table.js": "d6d34c74e8715825433078c11873832c5c2834395ba85aaff10e4428215a42d6",
    "https://esm.sh/v96/mdast-util-gfm-table@1.0.6/index.d.ts": "2e11fb81ef0c0feb03b9ebb75f174959613c981835811bc167e63245ae48153b",
    "https://esm.sh/v96/mdast-util-gfm-table@1.0.6/lib/index.d.ts": "2fe890e4ca4e41d10927bc33f9e229916eed1ab3e7a173332fed1f47aa7a446e",
    "https://esm.sh/v96/mdast-util-gfm-task-list-item@1.0.1/deno/mdast-util-gfm-task-list-item.js": "0c14049999154c39fef23ca2c78aad473c623ae8b0b4d2d7ef62c1a5d4c50072",
    "https://esm.sh/v96/mdast-util-gfm@2.0.1/deno/mdast-util-gfm.js": "d72cae6673ae59938ec6a2219182cf4a3154e71583838b5be464d9882fd35d57",
    "https://esm.sh/v96/mdast-util-gfm@2.0.1/index.d.ts": "9a5fea095a9ba59fe3038060ca55772a688cc57ff77950053936c62ca342a8c7",
    "https://esm.sh/v96/mdast-util-gfm@2.0.1/lib/index.d.ts": "ca0ff43f2cffec9a4d9e6286cc43f21cd82dce62bb5e130eb5b5e583d7b6d6a1",
    "https://esm.sh/v96/mdast-util-to-markdown@1.3.0/deno/lib/handle/inline-code.js": "0b66f12c400e35aea7ef1aae4d74706167920a2cdc37da2bd976b0d6b674d1cd",
    "https://esm.sh/v96/mdast-util-to-markdown@1.3.0/deno/lib/handle/list-item.js": "69c2d33c9f59137b560f8320b661f87157399ec11bfc7bb92d5d205aac0aae80",
    "https://esm.sh/v96/mdast-util-to-markdown@1.3.0/deno/lib/util/association.js": "eb99537dd0252f12df00e89cf6d220a898ed8c8d7a0807734d35cf9ca61a1eab",
    "https://esm.sh/v96/mdast-util-to-markdown@1.3.0/deno/lib/util/check-bullet.js": "563c2d877618ba301db7012692dc7c2185519d3df81a4af988afd89e545d0485",
    "https://esm.sh/v96/mdast-util-to-markdown@1.3.0/deno/lib/util/check-list-item-indent.js": "06bd9aa31d43b9241b922fe99e41dd32b52fec0bd995c7239750c80f47ff1399",
    "https://esm.sh/v96/mdast-util-to-markdown@1.3.0/deno/lib/util/container-flow.js": "d1ababe5a02ad8ee2857cda5564e3a150269a25dbbadec5c1cb7c4505b2fb211",
    "https://esm.sh/v96/mdast-util-to-markdown@1.3.0/deno/lib/util/container-phrasing.js": "acc307b368b9c1b39778d61f9d428930ecefd2a211a5c574b1be4a4861f4462c",
    "https://esm.sh/v96/mdast-util-to-markdown@1.3.0/deno/lib/util/indent-lines.js": "5ddc201dd32705945bc190f81c54219daf33e504cb5f81fb025923530ecb5334",
    "https://esm.sh/v96/mdast-util-to-markdown@1.3.0/deno/lib/util/pattern-compile.js": "a748599dba8d7318ff497b17eadeb02bf6d732534a95862535254d6410e74038",
    "https://esm.sh/v96/mdast-util-to-markdown@1.3.0/deno/lib/util/pattern-in-scope.js": "e8c6204a7590bc0292d5b79bb2d5ecdf6d502e746ce82606de83490b17343288",
    "https://esm.sh/v96/mdast-util-to-markdown@1.3.0/deno/lib/util/safe.js": "75af34969f19cab8bf4188bcecaff334dec04047b46a9ba722b37b552e3fd371",
    "https://esm.sh/v96/mdast-util-to-markdown@1.3.0/deno/lib/util/track.js": "022319292a61be3ae0cdf0042c6adce4b794df2c1fc205ea47c649a2927efe7e",
    "https://esm.sh/v96/mdast-util-to-markdown@1.3.0/index.d.ts": "95cb8091586734cb64ba01a2d360c22e045bc56362744e308edb0140f343279d",
    "https://esm.sh/v96/mdast-util-to-markdown@1.3.0/lib/index.d.ts": "655121c48516ad8d79661b25eb41a641c9434e71e328d4fa3f490a60c38d8e50",
    "https://esm.sh/v96/mdast-util-to-markdown@1.3.0/lib/types.d.ts": "37dabbc2f7ea993b75bb9f4edc5d931c68d4dc6eb283fcb57ba3605227555728",
    "https://esm.sh/v96/mdast-util-to-markdown@1.3.0/lib/util/indent-lines.d.ts": "f25d603874ce56d10b72717ce7f1ea2bed5450756f60fe0bed73863e1c213856",
    "https://esm.sh/v96/micromark-core-commonmark@1.0.6/deno/micromark-core-commonmark.js": "cd54169dd58d1834674c8e82b5ea2996aec5386d242426fd75161cdf59800181",
    "https://esm.sh/v96/micromark-extension-gfm-autolink-literal@1.0.3/deno/micromark-extension-gfm-autolink-literal.js": "44d5b154067389c0c5fe4231aed9081c3b1965cc858db0a43bd72701b5b81ac4",
    "https://esm.sh/v96/micromark-extension-gfm-footnote@1.0.4/deno/micromark-extension-gfm-footnote.js": "4ccbf969fc8c12a3dd262742a02b714a38f4c35c420723e80c50be5aa9d896fb",
    "https://esm.sh/v96/micromark-extension-gfm-footnote@1.0.4/index.d.ts": "cdf83836c7a37aabb08751b596248d7c0e02ed155d72a1939b9db112196c6476",
    "https://esm.sh/v96/micromark-extension-gfm-footnote@1.0.4/lib/html.d.ts": "4901182da1890c3de6034ccc63a86c966d70a819df9f7aa4cffdb31e859354c8",
    "https://esm.sh/v96/micromark-extension-gfm-footnote@1.0.4/lib/syntax.d.ts": "b572b08c7f1f157e3c5782308d27b250c5d3a37811c25d92570ce69044251ade",
    "https://esm.sh/v96/micromark-extension-gfm-strikethrough@1.0.4/deno/micromark-extension-gfm-strikethrough.js": "4400da9e2e27fad02f81ee6060fd54aca37e09de4a5e7502d9fd309200c414b4",
    "https://esm.sh/v96/micromark-extension-gfm-strikethrough@1.0.4/index.d.ts": "af9ef81e4a775c469cbd104f987c740531fe7bf1f8287591c1769232a3751b09",
    "https://esm.sh/v96/micromark-extension-gfm-strikethrough@1.0.4/lib/html.d.ts": "7e19194a96fb0e5629f64aa58de97ff19c442e3262a5b08b809b93db5ef1b70c",
    "https://esm.sh/v96/micromark-extension-gfm-strikethrough@1.0.4/lib/syntax.d.ts": "319df49403faf604b366b355845cea6e15d7c7b1aed47bfebc9fc683a645bafc",
    "https://esm.sh/v96/micromark-extension-gfm-table@1.0.5/deno/micromark-extension-gfm-table.js": "f31ab6791c0f3bf77a0d1e79a8a4d61bad55be088b4d5abd9911abc736856f54",
    "https://esm.sh/v96/micromark-extension-gfm-tagfilter@1.0.1/deno/micromark-extension-gfm-tagfilter.js": "4cc7c603d0716aecf3f362f86d6e15cfda06dcb397cf6f760fde10cfdaa8c1bc",
    "https://esm.sh/v96/micromark-extension-gfm-task-list-item@1.0.3/deno/micromark-extension-gfm-task-list-item.js": "3e23ac79882585b4c6394a0b859e1a0e6b7ddf06d37b7730c497f0b1db2a5b49",
    "https://esm.sh/v96/micromark-extension-gfm@2.0.1/deno/micromark-extension-gfm.js": "e6460a75e902c43e3b06d5a0ff7fd4ff716cee047be4b535ac7eccdb4985d5e1",
    "https://esm.sh/v96/micromark-extension-gfm@2.0.1/index.d.ts": "ef096f94c903ef3ebf4c0d276e4d5b1351056d036da6615043a11f33b727b7bf",
    "https://esm.sh/v96/micromark-factory-destination@1.0.0/deno/micromark-factory-destination.js": "56bdcbecc8af99988622b9ffa0f1113e46012a09d23d1aa8f2bc51e543db8a4f",
    "https://esm.sh/v96/micromark-factory-label@1.0.2/deno/micromark-factory-label.js": "b2d8d5d77950874c735eee4fa96704846145121339393624a04e079ff50c389f",
    "https://esm.sh/v96/micromark-factory-space@1.0.0/deno/micromark-factory-space.js": "0afda8996c77218e820a4cb916fe7967ccd5d67c2c20168a5d6b260600989af7",
    "https://esm.sh/v96/micromark-factory-title@1.0.2/deno/micromark-factory-title.js": "a00030185ffa1ab893d4cdc49065f5f085bf4b51c21427727f30b678ea7f2eaa",
    "https://esm.sh/v96/micromark-factory-whitespace@1.0.0/deno/micromark-factory-whitespace.js": "4b8dbc20deb9178ce023ce00e108f6065e8af0357a825c07658d276fd923b4dc",
    "https://esm.sh/v96/micromark-util-character@1.1.0/deno/micromark-util-character.js": "8440332592030f7a4b7e826bf91bab41a9b54ccb8f1ce6dbd23ca11d72230945",
    "https://esm.sh/v96/micromark-util-chunked@1.0.0/deno/micromark-util-chunked.js": "df0ed6b7b0559fde92c00504aff8b9a05c4f07344ba3365e1d0e35b734d64d5a",
    "https://esm.sh/v96/micromark-util-classify-character@1.0.0/deno/micromark-util-classify-character.js": "934ad0c3dc685a7a2aa7155767f121219b76c4eb8605f6b6f44a17b7378758b5",
    "https://esm.sh/v96/micromark-util-combine-extensions@1.0.0/deno/micromark-util-combine-extensions.js": "774ea7074a5a33767dcea37902056b6bb59945f82843c83671ed0f0440a85555",
    "https://esm.sh/v96/micromark-util-decode-numeric-character-reference@1.0.0/deno/micromark-util-decode-numeric-character-reference.js": "8a3b23cc0a9c33c0c63b09d07e9c7957f16663cb03f4a5fb42b61263825aafd8",
    "https://esm.sh/v96/micromark-util-decode-string@1.0.2/deno/micromark-util-decode-string.js": "322d53037f689234b8e7ede2800d526d3504fce75cec84ce7d1d233bd76d9bf6",
    "https://esm.sh/v96/micromark-util-encode@1.0.1/deno/micromark-util-encode.js": "3cbfdec3cdf813b7fed185de6edc43841380583949ce0c301615f0c50c43e9e9",
    "https://esm.sh/v96/micromark-util-html-tag-name@1.1.0/deno/micromark-util-html-tag-name.js": "2a34a3b2bceb845508f2d87eea03d2d31d421fb10b0a6e1bcc8aaf749857fc88",
    "https://esm.sh/v96/micromark-util-normalize-identifier@1.0.0/deno/micromark-util-normalize-identifier.js": "abf033051b12b2fe62edb61c1a1f895d79190501be20d390e0d146cbc0d6f1c7",
    "https://esm.sh/v96/micromark-util-resolve-all@1.0.0/deno/micromark-util-resolve-all.js": "57688a5cd4c92a147f4cb4f059f0536141fd770b03c675600586011d011049cb",
    "https://esm.sh/v96/micromark-util-sanitize-uri@1.1.0/deno/micromark-util-sanitize-uri.js": "260c9c8f476bf009acc0534ffa382135fb4cbd3b9bb880f5ae8dddb50383db74",
    "https://esm.sh/v96/micromark-util-subtokenize@1.0.2/deno/micromark-util-subtokenize.js": "d4752a31fe4ab00203c19cd74f6dca20706964c05aa92f6dee98422a184a195a",
    "https://esm.sh/v96/micromark-util-types@1.0.2/index.d.ts": "cce0134a9da5d93b08f4da07a18ca5bcb8f595216783bca8572182a928f0f03b",
    "https://esm.sh/v96/remark-gfm@3.0.1/deno/remark-gfm.js": "0cce1ee461f169fe2bb15b81a8890d1c776f314d7035fad98564eeae27677733",
    "https://esm.sh/v96/remark-gfm@3.0.1/index.d.ts": "c362b13e4b3081f4e0568276921e4cb8e3fdc0ce97b211583b136145cdb81042",
    "https://esm.sh/v96/unified@10.1.2/index.d.ts": "5f131c14e37faf59113cf624d486d979f5d1697c8fbdce880709611f06bdb2cc",
    "https://esm.sh/v96/unist-util-is@5.1.1/deno/unist-util-is.js": "5fc075d17285b85da872e95becd29defb030e940f5d52d8051f61e62181b18da",
    "https://esm.sh/v96/unist-util-visit-parents@5.1.1/deno/unist-util-visit-parents.js": "a58a3153b137f852fa2f9b3bd7ddeffabdeb8459877ec2b1fe429640c15be8a0",
    "https://esm.sh/v96/vfile-message@3.1.2/index.d.ts": "09a8e275237f24e12fc55eb0775c316ef5b62895feb0a94f2e2887df8d2f63c2",
    "https://esm.sh/v96/vfile@5.3.5/index.d.ts": "6723559bb22bf7f2eea158222d3e1f0a04e3f09d132f6d6387d8e5acf1be9ed0",
    "https://esm.sh/v96/vfile@5.3.5/lib/index.d.ts": "444c2ca90703fc72435433329ad54b3831a50713d92b340ef7c0c9d8ffc3636a",
    "https://esm.sh/v96/vfile@5.3.5/lib/minurl.shared.d.ts": "3706ce5f7daa3461e02dd6dc33083b8e22cb9691e9348b8e481a5d049e62d897",
    "https://esm.sh/v98/@types/mdast@3.0.10/index.d.ts": "d4dec62a41136e0b428ac7030b189a89e4e5c5d474249d185013d6b88ac00382",
    "https://esm.sh/v98/@types/unist@2.0.6/index.d.ts": "cddf5c26907c0b8378bc05543161c11637b830da9fadf59e02a11e675d11e180",
    "https://esm.sh/v98/katex@0.13.24/deno/katex.js": "71e433826ea63a5706f45dbe3fabb9c0f49a4e0477b8e5e01239cfb269cd9854",
    "https://esm.sh/v98/longest-streak@3.0.1/deno/longest-streak.js": "18eab941d49a675adf661f2d708121a09f172592fa17612a5d7e00042145d1cd",
    "https://esm.sh/v98/longest-streak@3.1.0/deno/longest-streak.js": "ca1a7b1213a1e57f94e0e38003ce4e696426bcbc829a4c05aa2e45349040d4cf",
    "https://esm.sh/v98/mdast-util-from-markdown@1.2.0/index.d.ts": "c7c292d30a2416d10fccbdaccac505908cc63c149766acd5ed191fc5e40ac2f0",
    "https://esm.sh/v98/mdast-util-from-markdown@1.2.0/lib/index.d.ts": "a457ea3889109b761d776efd2c8d0c213d7a297d53b4820a5afdcf3d5a616f2f",
    "https://esm.sh/v98/mdast-util-math@2.0.1/complex-types.d.ts": "aac534f93d49bea83574b638c6bc6963dab98459a69339cf7b126df06daf718c",
    "https://esm.sh/v98/mdast-util-math@2.0.1/deno/index.js": "be8e4205d710a5fa5550d3a27ec7f082cab8fe911902727d12a095600f4c070f",
    "https://esm.sh/v98/mdast-util-math@2.0.1/deno/mdast-util-math.js": "82087b5ad6c12cb9e6a975e072f5c5e97c378213b6dde41a076e370b0d710265",
    "https://esm.sh/v98/mdast-util-math@2.0.1/index": "80aa6aebb869f8f1824d67ea17e0668ff24f36e55cbd5634c17110e9d81b517a",
    "https://esm.sh/v98/mdast-util-math@2.0.1/index.d.ts": "b37186f8392d98d3f309067bc545897572dd556d352d9a8328b837bcac28564b",
    "https://esm.sh/v98/mdast-util-to-markdown@1.3.0/deno/lib/util/pattern-compile.js": "a748599dba8d7318ff497b17eadeb02bf6d732534a95862535254d6410e74038",
    "https://esm.sh/v98/mdast-util-to-markdown@1.3.0/deno/lib/util/pattern-in-scope.js": "e8c6204a7590bc0292d5b79bb2d5ecdf6d502e746ce82606de83490b17343288",
    "https://esm.sh/v98/mdast-util-to-markdown@1.3.0/deno/lib/util/safe.js": "16f932e9906e774e51797104e5c208c59b8152edcf067f0f595a6b1afdbd42db",
    "https://esm.sh/v98/mdast-util-to-markdown@1.3.0/deno/lib/util/track.js": "022319292a61be3ae0cdf0042c6adce4b794df2c1fc205ea47c649a2927efe7e",
    "https://esm.sh/v98/mdast-util-to-markdown@1.3.0/index.d.ts": "95cb8091586734cb64ba01a2d360c22e045bc56362744e308edb0140f343279d",
    "https://esm.sh/v98/mdast-util-to-markdown@1.3.0/lib/index.d.ts": "655121c48516ad8d79661b25eb41a641c9434e71e328d4fa3f490a60c38d8e50",
    "https://esm.sh/v98/mdast-util-to-markdown@1.3.0/lib/types.d.ts": "0fe98b84632325124a319593bb552a6af64015d617920db3a35e00f8e1ccee98",
    "https://esm.sh/v98/mdast-util-to-markdown@1.3.0/lib/util/indent-lines.d.ts": "f25d603874ce56d10b72717ce7f1ea2bed5450756f60fe0bed73863e1c213856",
    "https://esm.sh/v98/micromark-extension-math@2.0.2/deno/micromark-extension-math.js": "b0444e4cc341f0e8b2a35fcbdf454d612c5da64565d1b06f4743701af6ed9ad7",
    "https://esm.sh/v98/micromark-factory-space@1.0.0/deno/micromark-factory-space.js": "b646feaff7279d502907c016bd07f5034b76a262ab76d5200b850af306c0a6f2",
    "https://esm.sh/v98/micromark-util-character@1.1.0/deno/micromark-util-character.js": "8440332592030f7a4b7e826bf91bab41a9b54ccb8f1ce6dbd23ca11d72230945",
    "https://esm.sh/v98/micromark-util-types@1.0.2/index.d.ts": "cce0134a9da5d93b08f4da07a18ca5bcb8f595216783bca8572182a928f0f03b",
    "https://esm.sh/v98/remark-math@5.1.1/deno/remark-math.js": "d900ba939ce12f3322c7b0171980f99cc0c39b924f28aa85aa3d8ed06d4783f6",
    "https://esm.sh/v98/remark-math@5.1.1/index.d.ts": "89c1150f06f6d05499afd2fe5e7a1cf5fe89117fdd51212b52cffed74ff827d1",
    "https://esm.sh/v98/unified@10.1.2/index.d.ts": "699d978e73920a3d761b60629f84d2eba73780022aaab38090bca18e2c297057",
    "https://esm.sh/v98/vfile-message@3.1.2/index.d.ts": "022fa999b1f41cd8bfef0ffccaa28ea87a310f9d6324ba4a1e229f6e00b127b3",
    "https://esm.sh/v98/vfile@5.3.5/index.d.ts": "6723559bb22bf7f2eea158222d3e1f0a04e3f09d132f6d6387d8e5acf1be9ed0",
    "https://esm.sh/v98/vfile@5.3.5/lib/index.d.ts": "2f489748b0c043c0802a2e97afabb386c9d614bd996d96b14ce396eb1f4d4021",
    "https://esm.sh/v98/vfile@5.3.5/lib/minurl.shared.d.ts": "3706ce5f7daa3461e02dd6dc33083b8e22cb9691e9348b8e481a5d049e62d897"
  }
}
